// !$*UTF8*$!
{
	archiveVersion = 1;
	classes = {
	};
	objectVersion = 55;
	objects = {

/* Begin PBXBuildFile section */
		00C568CBA396FC056DB8A089 /* MockUserInteractor.swift in Sources */ = {isa = PBXBuildFile; fileRef = 6DD375099AE12B4F90025A5C /* MockUserInteractor.swift */; };
		0CF516E4D98D48BC18C90A26 /* TuistBundle+NizoViper.swift in Sources */ = {isa = PBXBuildFile; fileRef = 53D1D0A96BFF6807A868A531 /* TuistBundle+NizoViper.swift */; };
		235F1761C4AF6516C87A8162 /* MockUserView.swift in Sources */ = {isa = PBXBuildFile; fileRef = 0FE20C8593DBE8FD8F06C5E0 /* MockUserView.swift */; };
		32B5ED689E7FBDA288C251EC /* AppDelegate.swift in Sources */ = {isa = PBXBuildFile; fileRef = D494974E894F1535555D0CC8 /* AppDelegate.swift */; };
		3805903B2BF83E85A004E4B3 /* UserPresenter.swift in Sources */ = {isa = PBXBuildFile; fileRef = DED4960236D85270967F2B16 /* UserPresenter.swift */; };
		42AF00BA7166F72203885342 /* MockNetworkManager.swift in Sources */ = {isa = PBXBuildFile; fileRef = 391B4685F03231BDBD764D5C /* MockNetworkManager.swift */; };
		4BDD44B7B41E44635CDFC99F /* SceneDelegate.swift in Sources */ = {isa = PBXBuildFile; fileRef = 6F64AC32FE8851CB016F1700 /* SceneDelegate.swift */; };
		4DF2934D2BBFBD9197EAFD99 /* UserRouter.swift in Sources */ = {isa = PBXBuildFile; fileRef = 13A9F5D9FEEA3C99A725413B /* UserRouter.swift */; };
		4F33D6B534D88B59BBBA42CD /* Loadable.swift in Sources */ = {isa = PBXBuildFile; fileRef = 47A31CC2E8ACC276A7B4D686 /* Loadable.swift */; };
		5FF558EE59E4D91ADBAEAFEC /* NetworkManager.swift in Sources */ = {isa = PBXBuildFile; fileRef = 782DC1C0F3D5C4A8B96955DA /* NetworkManager.swift */; };
		6DD782237D4046A7BF028929 /* MockUserRouter.swift in Sources */ = {isa = PBXBuildFile; fileRef = 2A9114FCD5660027809C922E /* MockUserRouter.swift */; };
		74B1D305D553F91A0E282586 /* UsersView.swift in Sources */ = {isa = PBXBuildFile; fileRef = BF07F718A4D41915BEB1BCA6 /* UsersView.swift */; };
		9A53B11E6015C2CBCB8142D3 /* Assets.xcassets in Resources */ = {isa = PBXBuildFile; fileRef = 3003234FAFD03205040DD0D9 /* Assets.xcassets */; };
		A8C3F807DBA237DDDFD672EC /* UserInteractor.swift in Sources */ = {isa = PBXBuildFile; fileRef = C724F1888F1EC82A9BB62BA2 /* UserInteractor.swift */; };
		BAC03C701CA399EAA361E24F /* UserEntity.swift in Sources */ = {isa = PBXBuildFile; fileRef = 36D545C05403FEFA20311CFC /* UserEntity.swift */; };
		F7C9CA8CD2FB7042DBE8E22F /* TuistAssets+NizoViper.swift in Sources */ = {isa = PBXBuildFile; fileRef = E554A44CB6D18D74D86CFC04 /* TuistAssets+NizoViper.swift */; };
/* End PBXBuildFile section */

/* Begin PBXCopyFilesBuildPhase section */
		D5AE2FEADFAE6A7222F6AA23 /* Embed Frameworks */ = {
			isa = PBXCopyFilesBuildPhase;
			buildActionMask = 2147483647;
			dstPath = "";
			dstSubfolderSpec = 10;
			files = (
			);
			name = "Embed Frameworks";
			runOnlyForDeploymentPostprocessing = 0;
		};
/* End PBXCopyFilesBuildPhase section */

/* Begin PBXFileReference section */
		0FE20C8593DBE8FD8F06C5E0 /* MockUserView.swift */ = {isa = PBXFileReference; lastKnownFileType = sourcecode.swift; path = MockUserView.swift; sourceTree = "<group>"; };
		13A9F5D9FEEA3C99A725413B /* UserRouter.swift */ = {isa = PBXFileReference; lastKnownFileType = sourcecode.swift; path = UserRouter.swift; sourceTree = "<group>"; };
		2A9114FCD5660027809C922E /* MockUserRouter.swift */ = {isa = PBXFileReference; lastKnownFileType = sourcecode.swift; path = MockUserRouter.swift; sourceTree = "<group>"; };
		3003234FAFD03205040DD0D9 /* Assets.xcassets */ = {isa = PBXFileReference; lastKnownFileType = folder.assetcatalog; path = Assets.xcassets; sourceTree = "<group>"; };
		36D545C05403FEFA20311CFC /* UserEntity.swift */ = {isa = PBXFileReference; lastKnownFileType = sourcecode.swift; path = UserEntity.swift; sourceTree = "<group>"; };
		391B4685F03231BDBD764D5C /* MockNetworkManager.swift */ = {isa = PBXFileReference; lastKnownFileType = sourcecode.swift; path = MockNetworkManager.swift; sourceTree = "<group>"; };
		47A31CC2E8ACC276A7B4D686 /* Loadable.swift */ = {isa = PBXFileReference; lastKnownFileType = sourcecode.swift; path = Loadable.swift; sourceTree = "<group>"; };
		53D1D0A96BFF6807A868A531 /* TuistBundle+NizoViper.swift */ = {isa = PBXFileReference; lastKnownFileType = sourcecode.swift; path = "TuistBundle+NizoViper.swift"; sourceTree = "<group>"; };
		5AED69F2D216961982ED6655 /* Nizo-Viper.app */ = {isa = PBXFileReference; explicitFileType = wrapper.application; includeInIndex = 0; path = "Nizo-Viper.app"; sourceTree = BUILT_PRODUCTS_DIR; };
		6DD375099AE12B4F90025A5C /* MockUserInteractor.swift */ = {isa = PBXFileReference; lastKnownFileType = sourcecode.swift; path = MockUserInteractor.swift; sourceTree = "<group>"; };
		6F64AC32FE8851CB016F1700 /* SceneDelegate.swift */ = {isa = PBXFileReference; lastKnownFileType = sourcecode.swift; path = SceneDelegate.swift; sourceTree = "<group>"; };
		782DC1C0F3D5C4A8B96955DA /* NetworkManager.swift */ = {isa = PBXFileReference; lastKnownFileType = sourcecode.swift; path = NetworkManager.swift; sourceTree = "<group>"; };
		9CA3517ABDD1BA06C4443515 /* Nizo-Viper-Info.plist */ = {isa = PBXFileReference; lastKnownFileType = text.plist; path = "Nizo-Viper-Info.plist"; sourceTree = "<group>"; };
		BF07F718A4D41915BEB1BCA6 /* UsersView.swift */ = {isa = PBXFileReference; lastKnownFileType = sourcecode.swift; path = UsersView.swift; sourceTree = "<group>"; };
		C724F1888F1EC82A9BB62BA2 /* UserInteractor.swift */ = {isa = PBXFileReference; lastKnownFileType = sourcecode.swift; path = UserInteractor.swift; sourceTree = "<group>"; };
		D494974E894F1535555D0CC8 /* AppDelegate.swift */ = {isa = PBXFileReference; lastKnownFileType = sourcecode.swift; path = AppDelegate.swift; sourceTree = "<group>"; };
		DED4960236D85270967F2B16 /* UserPresenter.swift */ = {isa = PBXFileReference; lastKnownFileType = sourcecode.swift; path = UserPresenter.swift; sourceTree = "<group>"; };
		E554A44CB6D18D74D86CFC04 /* TuistAssets+NizoViper.swift */ = {isa = PBXFileReference; lastKnownFileType = sourcecode.swift; path = "TuistAssets+NizoViper.swift"; sourceTree = "<group>"; };
/* End PBXFileReference section */

/* Begin PBXFrameworksBuildPhase section */
		0DB30097CA72B631F91289B5 /* Frameworks */ = {
			isa = PBXFrameworksBuildPhase;
			buildActionMask = 2147483647;
			files = (
			);
			runOnlyForDeploymentPostprocessing = 0;
		};
/* End PBXFrameworksBuildPhase section */

/* Begin PBXGroup section */
		2E76AB865475353989BD8D75 /* Sources */ = {
			isa = PBXGroup;
			children = (
				E554A44CB6D18D74D86CFC04 /* TuistAssets+NizoViper.swift */,
				53D1D0A96BFF6807A868A531 /* TuistBundle+NizoViper.swift */,
			);
			path = Sources;
			sourceTree = "<group>";
		};
		2EB42E6013C08BEF8BC426B2 /* Products */ = {
			isa = PBXGroup;
			children = (
				5AED69F2D216961982ED6655 /* Nizo-Viper.app */,
			);
			name = Products;
			sourceTree = "<group>";
		};
		5C4190B02AA053B10789FBC4 /* Nizo-Viper */ = {
			isa = PBXGroup;
			children = (
				EDE0453FA1D0A2168EA0B210 /* Implementations */,
				EA7F291E60C4556D973DD0B7 /* Modules */,
				D494974E894F1535555D0CC8 /* AppDelegate.swift */,
				3003234FAFD03205040DD0D9 /* Assets.xcassets */,
				6F64AC32FE8851CB016F1700 /* SceneDelegate.swift */,
			);
			path = "Nizo-Viper";
			sourceTree = "<group>";
		};
		83F1F1EB9369CBA687ED4FC5 /* Project */ = {
			isa = PBXGroup;
			children = (
				C9AABD5C52E4E4C5B06992C8 /* Derived */,
				5C4190B02AA053B10789FBC4 /* Nizo-Viper */,
			);
			name = Project;
			sourceTree = "<group>";
		};
		A736A826FA13FAEE34E3ED78 /* Mocks */ = {
			isa = PBXGroup;
			children = (
				6DD375099AE12B4F90025A5C /* MockUserInteractor.swift */,
				2A9114FCD5660027809C922E /* MockUserRouter.swift */,
				0FE20C8593DBE8FD8F06C5E0 /* MockUserView.swift */,
			);
			path = Mocks;
			sourceTree = "<group>";
		};
		C4845426A9068E4C879F2DD2 /* View */ = {
			isa = PBXGroup;
			children = (
				BF07F718A4D41915BEB1BCA6 /* UsersView.swift */,
			);
			path = View;
			sourceTree = "<group>";
		};
		C60C07FA081843B8812D241F /* NetworkManager */ = {
			isa = PBXGroup;
			children = (
				D014ADB6E6E85F91F87C547A /* Mock */,
				782DC1C0F3D5C4A8B96955DA /* NetworkManager.swift */,
			);
			path = NetworkManager;
			sourceTree = "<group>";
		};
		C9AABD5C52E4E4C5B06992C8 /* Derived */ = {
			isa = PBXGroup;
			children = (
				F030D80CFD99F1004B543323 /* InfoPlists */,
				2E76AB865475353989BD8D75 /* Sources */,
			);
			path = Derived;
			sourceTree = "<group>";
		};
		D014ADB6E6E85F91F87C547A /* Mock */ = {
			isa = PBXGroup;
			children = (
				391B4685F03231BDBD764D5C /* MockNetworkManager.swift */,
			);
			path = Mock;
			sourceTree = "<group>";
		};
		E66FD5CBF4DD502544290CE4 /* Users */ = {
			isa = PBXGroup;
			children = (
				A736A826FA13FAEE34E3ED78 /* Mocks */,
				C60C07FA081843B8812D241F /* NetworkManager */,
				C4845426A9068E4C879F2DD2 /* View */,
				36D545C05403FEFA20311CFC /* UserEntity.swift */,
				C724F1888F1EC82A9BB62BA2 /* UserInteractor.swift */,
				DED4960236D85270967F2B16 /* UserPresenter.swift */,
				13A9F5D9FEEA3C99A725413B /* UserRouter.swift */,
			);
			path = Users;
			sourceTree = "<group>";
		};
		EA7F291E60C4556D973DD0B7 /* Modules */ = {
			isa = PBXGroup;
			children = (
				E66FD5CBF4DD502544290CE4 /* Users */,
			);
			path = Modules;
			sourceTree = "<group>";
		};
		EDE0453FA1D0A2168EA0B210 /* Implementations */ = {
			isa = PBXGroup;
			children = (
				47A31CC2E8ACC276A7B4D686 /* Loadable.swift */,
			);
			path = Implementations;
			sourceTree = "<group>";
		};
		F030D80CFD99F1004B543323 /* InfoPlists */ = {
			isa = PBXGroup;
			children = (
				9CA3517ABDD1BA06C4443515 /* Nizo-Viper-Info.plist */,
			);
			path = InfoPlists;
			sourceTree = "<group>";
		};
		F8D1ABE08203F2462DE55551 = {
			isa = PBXGroup;
			children = (
				83F1F1EB9369CBA687ED4FC5 /* Project */,
				2EB42E6013C08BEF8BC426B2 /* Products */,
			);
			sourceTree = "<group>";
		};
/* End PBXGroup section */

/* Begin PBXNativeTarget section */
		748EFD63B27D0EE3644DA784 /* Nizo-Viper */ = {
			isa = PBXNativeTarget;
			buildConfigurationList = FC458126FD17CB24406DF711 /* Build configuration list for PBXNativeTarget "Nizo-Viper" */;
			buildPhases = (
				D8F2BBCEAB04183FDAE4D09E /* Sources */,
				2B63BD48A4FB17D81A50BEB8 /* Resources */,
				0DB30097CA72B631F91289B5 /* Frameworks */,
				D5AE2FEADFAE6A7222F6AA23 /* Embed Frameworks */,
			);
			buildRules = (
			);
			dependencies = (
			);
			name = "Nizo-Viper";
			packageProductDependencies = (
			);
			productName = "Nizo-Viper";
			productReference = 5AED69F2D216961982ED6655 /* Nizo-Viper.app */;
			productType = "com.apple.product-type.application";
		};
/* End PBXNativeTarget section */

/* Begin PBXProject section */
		464801F5547F42272DBF62D3 /* Project object */ = {
			isa = PBXProject;
			attributes = {
				BuildIndependentTargetsInParallel = YES;
				ORGANIZATIONNAME = com.nizo;
			};
			buildConfigurationList = 08CB8B3506E4EEC427194BCC /* Build configuration list for PBXProject "Nizo-Viper" */;
			compatibilityVersion = "Xcode 14.0";
			developmentRegion = en;
			hasScannedForEncodings = 0;
			knownRegions = (
				Base,
				en,
			);
			mainGroup = F8D1ABE08203F2462DE55551;
			productRefGroup = 2EB42E6013C08BEF8BC426B2 /* Products */;
			projectDirPath = "";
			projectRoot = "";
			targets = (
				748EFD63B27D0EE3644DA784 /* Nizo-Viper */,
			);
		};
/* End PBXProject section */

/* Begin PBXResourcesBuildPhase section */
		2B63BD48A4FB17D81A50BEB8 /* Resources */ = {
			isa = PBXResourcesBuildPhase;
			buildActionMask = 2147483647;
			files = (
				9A53B11E6015C2CBCB8142D3 /* Assets.xcassets in Resources */,
			);
			runOnlyForDeploymentPostprocessing = 0;
		};
/* End PBXResourcesBuildPhase section */

/* Begin PBXSourcesBuildPhase section */
		D8F2BBCEAB04183FDAE4D09E /* Sources */ = {
			isa = PBXSourcesBuildPhase;
			buildActionMask = 2147483647;
			files = (
				F7C9CA8CD2FB7042DBE8E22F /* TuistAssets+NizoViper.swift in Sources */,
				0CF516E4D98D48BC18C90A26 /* TuistBundle+NizoViper.swift in Sources */,
				32B5ED689E7FBDA288C251EC /* AppDelegate.swift in Sources */,
				4F33D6B534D88B59BBBA42CD /* Loadable.swift in Sources */,
				00C568CBA396FC056DB8A089 /* MockUserInteractor.swift in Sources */,
				6DD782237D4046A7BF028929 /* MockUserRouter.swift in Sources */,
				235F1761C4AF6516C87A8162 /* MockUserView.swift in Sources */,
				42AF00BA7166F72203885342 /* MockNetworkManager.swift in Sources */,
				5FF558EE59E4D91ADBAEAFEC /* NetworkManager.swift in Sources */,
				BAC03C701CA399EAA361E24F /* UserEntity.swift in Sources */,
				A8C3F807DBA237DDDFD672EC /* UserInteractor.swift in Sources */,
				3805903B2BF83E85A004E4B3 /* UserPresenter.swift in Sources */,
				4DF2934D2BBFBD9197EAFD99 /* UserRouter.swift in Sources */,
				74B1D305D553F91A0E282586 /* UsersView.swift in Sources */,
				4BDD44B7B41E44635CDFC99F /* SceneDelegate.swift in Sources */,
			);
			runOnlyForDeploymentPostprocessing = 0;
		};
/* End PBXSourcesBuildPhase section */

/* Begin XCBuildConfiguration section */
		433B23A0696178F22CAD0259 /* Release */ = {
			isa = XCBuildConfiguration;
			buildSettings = {
				ASSETCATALOG_COMPILER_APPICON_NAME = AppIcon;
				CODE_SIGN_IDENTITY = "iPhone Developer";
				ENABLE_PREVIEWS = YES;
				INFOPLIST_FILE = "Derived/InfoPlists/Nizo-Viper-Info.plist";
				IPHONEOS_DEPLOYMENT_TARGET = 18.0;
				LD_RUNPATH_SEARCH_PATHS = (
					"$(inherited)",
					"@executable_path/Frameworks",
				);
				PRODUCT_BUNDLE_IDENTIFIER = "com.nizo.Nizo-Viper";
				PRODUCT_NAME = "Nizo-Viper";
				SDKROOT = iphoneos;
				SUPPORTS_MACCATALYST = NO;
				SUPPORTS_MAC_DESIGNED_FOR_IPHONE_IPAD = YES;
				SUPPORTS_XR_DESIGNED_FOR_IPHONE_IPAD = NO;
				SWIFT_COMPILATION_MODE = wholemodule;
				SWIFT_OPTIMIZATION_LEVEL = "-Owholemodule";
				SWIFT_VERSION = 5.0;
				TARGETED_DEVICE_FAMILY = "1,2";
			};
			name = Release;
		};
		7EA4DF2EDB0491E3A1B42FCF /* Debug */ = {
			isa = XCBuildConfiguration;
			buildSettings = {
				ALWAYS_SEARCH_USER_PATHS = NO;
				CLANG_ANALYZER_LOCALIZABILITY_NONLOCALIZED = YES;
				CLANG_ANALYZER_NONNULL = YES;
				CLANG_ANALYZER_NUMBER_OBJECT_CONVERSION = YES_AGGRESSIVE;
				CLANG_CXX_LANGUAGE_STANDARD = "gnu++14";
				CLANG_CXX_LIBRARY = "libc++";
				CLANG_ENABLE_MODULES = YES;
				CLANG_ENABLE_OBJC_ARC = YES;
				CLANG_ENABLE_OBJC_WEAK = YES;
				CLANG_WARN_BLOCK_CAPTURE_AUTORELEASING = YES;
				CLANG_WARN_BOOL_CONVERSION = YES;
				CLANG_WARN_COMMA = YES;
				CLANG_WARN_CONSTANT_CONVERSION = YES;
				CLANG_WARN_DEPRECATED_OBJC_IMPLEMENTATIONS = YES;
				CLANG_WARN_DIRECT_OBJC_ISA_USAGE = YES_ERROR;
				CLANG_WARN_DOCUMENTATION_COMMENTS = YES;
				CLANG_WARN_EMPTY_BODY = YES;
				CLANG_WARN_ENUM_CONVERSION = YES;
				CLANG_WARN_INFINITE_RECURSION = YES;
				CLANG_WARN_INT_CONVERSION = YES;
				CLANG_WARN_NON_LITERAL_NULL_CONVERSION = YES;
				CLANG_WARN_OBJC_IMPLICIT_RETAIN_SELF = YES;
				CLANG_WARN_OBJC_LITERAL_CONVERSION = YES;
				CLANG_WARN_OBJC_ROOT_CLASS = YES_ERROR;
				CLANG_WARN_QUOTED_INCLUDE_IN_FRAMEWORK_HEADER = YES;
				CLANG_WARN_RANGE_LOOP_ANALYSIS = YES;
				CLANG_WARN_STRICT_PROTOTYPES = YES;
				CLANG_WARN_SUSPICIOUS_MOVE = YES;
				CLANG_WARN_UNGUARDED_AVAILABILITY = YES_AGGRESSIVE;
				CLANG_WARN_UNREACHABLE_CODE = YES;
				CLANG_WARN__DUPLICATE_METHOD_MATCH = YES;
				COPY_PHASE_STRIP = NO;
				DEAD_CODE_STRIPPING = YES;
				DEBUG_INFORMATION_FORMAT = dwarf;
				ENABLE_STRICT_OBJC_MSGSEND = YES;
				ENABLE_TESTABILITY = YES;
				GCC_C_LANGUAGE_STANDARD = gnu11;
				GCC_DYNAMIC_NO_PIC = NO;
				GCC_NO_COMMON_BLOCKS = YES;
				GCC_OPTIMIZATION_LEVEL = 0;
				GCC_PREPROCESSOR_DEFINITIONS = (
					"DEBUG=1",
					"$(inherited)",
				);
				GCC_WARN_64_TO_32_BIT_CONVERSION = YES;
				GCC_WARN_ABOUT_RETURN_TYPE = YES_ERROR;
				GCC_WARN_UNDECLARED_SELECTOR = YES;
				GCC_WARN_UNINITIALIZED_AUTOS = YES_AGGRESSIVE;
				GCC_WARN_UNUSED_FUNCTION = YES;
				GCC_WARN_UNUSED_VARIABLE = YES;
				MTL_ENABLE_DEBUG_INFO = YES;
				ONLY_ACTIVE_ARCH = YES;
				PRODUCT_NAME = "$(TARGET_NAME)";
			};
			name = Debug;
		};
		EE7850C978BB0128AA3F2421 /* Debug */ = {
			isa = XCBuildConfiguration;
			buildSettings = {
				ASSETCATALOG_COMPILER_APPICON_NAME = AppIcon;
				CODE_SIGN_IDENTITY = "iPhone Developer";
				ENABLE_PREVIEWS = YES;
				INFOPLIST_FILE = "Derived/InfoPlists/Nizo-Viper-Info.plist";
				IPHONEOS_DEPLOYMENT_TARGET = 18.0;
				LD_RUNPATH_SEARCH_PATHS = (
					"$(inherited)",
					"@executable_path/Frameworks",
				);
				PRODUCT_BUNDLE_IDENTIFIER = "com.nizo.Nizo-Viper";
				PRODUCT_NAME = "Nizo-Viper";
				SDKROOT = iphoneos;
				SUPPORTS_MACCATALYST = NO;
				SUPPORTS_MAC_DESIGNED_FOR_IPHONE_IPAD = YES;
				SUPPORTS_XR_DESIGNED_FOR_IPHONE_IPAD = NO;
				SWIFT_ACTIVE_COMPILATION_CONDITIONS = (
					"$(inherited)",
					DEBUG,
				);
				SWIFT_COMPILATION_MODE = singlefile;
				SWIFT_OPTIMIZATION_LEVEL = "-Onone";
				SWIFT_VERSION = 5.0;
				TARGETED_DEVICE_FAMILY = "1,2";
			};
			name = Debug;
		};
		F38858FA66438A90970B2CE7 /* Release */ = {
			isa = XCBuildConfiguration;
			buildSettings = {
				ALWAYS_SEARCH_USER_PATHS = NO;
				CLANG_ANALYZER_LOCALIZABILITY_NONLOCALIZED = YES;
				CLANG_ANALYZER_NONNULL = YES;
				CLANG_ANALYZER_NUMBER_OBJECT_CONVERSION = YES_AGGRESSIVE;
				CLANG_CXX_LANGUAGE_STANDARD = "gnu++14";
				CLANG_CXX_LIBRARY = "libc++";
				CLANG_ENABLE_MODULES = YES;
				CLANG_ENABLE_OBJC_ARC = YES;
				CLANG_ENABLE_OBJC_WEAK = YES;
				CLANG_WARN_BLOCK_CAPTURE_AUTORELEASING = YES;
				CLANG_WARN_BOOL_CONVERSION = YES;
				CLANG_WARN_COMMA = YES;
				CLANG_WARN_CONSTANT_CONVERSION = YES;
				CLANG_WARN_DEPRECATED_OBJC_IMPLEMENTATIONS = YES;
				CLANG_WARN_DIRECT_OBJC_ISA_USAGE = YES_ERROR;
				CLANG_WARN_DOCUMENTATION_COMMENTS = YES;
				CLANG_WARN_EMPTY_BODY = YES;
				CLANG_WARN_ENUM_CONVERSION = YES;
				CLANG_WARN_INFINITE_RECURSION = YES;
				CLANG_WARN_INT_CONVERSION = YES;
				CLANG_WARN_NON_LITERAL_NULL_CONVERSION = YES;
				CLANG_WARN_OBJC_IMPLICIT_RETAIN_SELF = YES;
				CLANG_WARN_OBJC_LITERAL_CONVERSION = YES;
				CLANG_WARN_OBJC_ROOT_CLASS = YES_ERROR;
				CLANG_WARN_QUOTED_INCLUDE_IN_FRAMEWORK_HEADER = YES;
				CLANG_WARN_RANGE_LOOP_ANALYSIS = YES;
				CLANG_WARN_STRICT_PROTOTYPES = YES;
				CLANG_WARN_SUSPICIOUS_MOVE = YES;
				CLANG_WARN_UNGUARDED_AVAILABILITY = YES_AGGRESSIVE;
				CLANG_WARN_UNREACHABLE_CODE = YES;
				CLANG_WARN__DUPLICATE_METHOD_MATCH = YES;
				COPY_PHASE_STRIP = NO;
				DEAD_CODE_STRIPPING = YES;
				DEBUG_INFORMATION_FORMAT = "dwarf-with-dsym";
				ENABLE_NS_ASSERTIONS = NO;
				ENABLE_STRICT_OBJC_MSGSEND = YES;
				GCC_C_LANGUAGE_STANDARD = gnu11;
				GCC_NO_COMMON_BLOCKS = YES;
				GCC_WARN_64_TO_32_BIT_CONVERSION = YES;
				GCC_WARN_ABOUT_RETURN_TYPE = YES_ERROR;
				GCC_WARN_UNDECLARED_SELECTOR = YES;
				GCC_WARN_UNINITIALIZED_AUTOS = YES_AGGRESSIVE;
				GCC_WARN_UNUSED_FUNCTION = YES;
				GCC_WARN_UNUSED_VARIABLE = YES;
				MTL_ENABLE_DEBUG_INFO = NO;
				PRODUCT_NAME = "$(TARGET_NAME)";
				VALIDATE_PRODUCT = YES;
			};
			name = Release;
		};
/* End XCBuildConfiguration section */

/* Begin XCConfigurationList section */
		08CB8B3506E4EEC427194BCC /* Build configuration list for PBXProject "Nizo-Viper" */ = {
			isa = XCConfigurationList;
			buildConfigurations = (
				7EA4DF2EDB0491E3A1B42FCF /* Debug */,
				F38858FA66438A90970B2CE7 /* Release */,
			);
			defaultConfigurationIsVisible = 0;
			defaultConfigurationName = Release;
		};
		FC458126FD17CB24406DF711 /* Build configuration list for PBXNativeTarget "Nizo-Viper" */ = {
			isa = XCConfigurationList;
			buildConfigurations = (
				EE7850C978BB0128AA3F2421 /* Debug */,
				433B23A0696178F22CAD0259 /* Release */,
			);
			defaultConfigurationIsVisible = 0;
			defaultConfigurationName = Release;
		};
/* End XCConfigurationList section */
	};
	rootObject = 464801F5547F42272DBF62D3 /* Project object */;
}
